
Microsoft Visual Studio Solution File, Format Version 12.00
# Visual Studio 2013
VisualStudioVersion = 12.0.30723.0
MinimumVisualStudioVersion = 10.0.40219.1
Project("{FAE04EC0-301F-11D3-BF4B-00C04F79EFBC}") = "LeetCode", "LeetCode\LeetCode.csproj", "{C22AD94B-4CC9-4348-93CD-619FFB8D36E7}"
EndProject
Project("{FAE04EC0-301F-11D3-BF4B-00C04F79EFBC}") = "0001.TwoSum", "0001.TwoSum\0001.TwoSum.csproj", "{E86B0C9C-90FB-42E4-AF35-C3CCC51DAF96}"
EndProject
Project("{FAE04EC0-301F-11D3-BF4B-00C04F79EFBC}") = "0004.MedianofTwoSortedArrays", "0004.MedianofTwoSortedArrays\0004.MedianofTwoSortedArrays.csproj", "{6D931DBA-D253-424A-A92B-A28EF02B789E}"
EndProject
Project("{FAE04EC0-301F-11D3-BF4B-00C04F79EFBC}") = "0002.AddTwoNumbers", "0002.AddTwoNumbers\0002.AddTwoNumbers.csproj", "{869B4137-856A-4648-8E3C-63DB639FFFDF}"
EndProject
Global
	GlobalSection(SolutionConfigurationPlatforms) = preSolution
		Debug|Any CPU = Debug|Any CPU
		Release|Any CPU = Release|Any CPU
	EndGlobalSection
	GlobalSection(ProjectConfigurationPlatforms) = postSolution
		{C22AD94B-4CC9-4348-93CD-619FFB8D36E7}.Debug|Any CPU.ActiveCfg = Debug|Any CPU
		{C22AD94B-4CC9-4348-93CD-619FFB8D36E7}.Debug|Any CPU.Build.0 = Debug|Any CPU
		{C22AD94B-4CC9-4348-93CD-619FFB8D36E7}.Release|Any CPU.ActiveCfg = Release|Any CPU
		{C22AD94B-4CC9-4348-93CD-619FFB8D36E7}.Release|Any CPU.Build.0 = Release|Any CPU
		{E86B0C9C-90FB-42E4-AF35-C3CCC51DAF96}.Debug|Any CPU.ActiveCfg = Debug|Any CPU
		{E86B0C9C-90FB-42E4-AF35-C3CCC51DAF96}.Debug|Any CPU.Build.0 = Debug|Any CPU
		{E86B0C9C-90FB-42E4-AF35-C3CCC51DAF96}.Release|Any CPU.ActiveCfg = Release|Any CPU
		{E86B0C9C-90FB-42E4-AF35-C3CCC51DAF96}.Release|Any CPU.Build.0 = Release|Any CPU
		{6D931DBA-D253-424A-A92B-A28EF02B789E}.Debug|Any CPU.ActiveCfg = Debug|Any CPU
		{6D931DBA-D253-424A-A92B-A28EF02B789E}.Debug|Any CPU.Build.0 = Debug|Any CPU
		{6D931DBA-D253-424A-A92B-A28EF02B789E}.Release|Any CPU.ActiveCfg = Release|Any CPU
		{6D931DBA-D253-424A-A92B-A28EF02B789E}.Release|Any CPU.Build.0 = Release|Any CPU
		{869B4137-856A-4648-8E3C-63DB639FFFDF}.Debug|Any CPU.ActiveCfg = Debug|Any CPU
		{869B4137-856A-4648-8E3C-63DB639FFFDF}.Debug|Any CPU.Build.0 = Debug|Any CPU
		{869B4137-856A-4648-8E3C-63DB639FFFDF}.Release|Any CPU.ActiveCfg = Release|Any CPU
		{869B4137-856A-4648-8E3C-63DB639FFFDF}.Release|Any CPU.Build.0 = Release|Any CPU
	EndGlobalSection
	GlobalSection(SolutionProperties) = preSolution
		HideSolutionNode = FALSE
	EndGlobalSection
EndGlobal
