
Microsoft Visual Studio Solution File, Format Version 12.00
# Visual Studio 2013
VisualStudioVersion = 12.0.21005.1
MinimumVisualStudioVersion = 10.0.40219.1
Project("{FAE04EC0-301F-11D3-BF4B-00C04F79EFBC}") = "LeetCode", "LeetCode\LeetCode.csproj", "{C22AD94B-4CC9-4348-93CD-619FFB8D36E7}"
EndProject
Project("{FAE04EC0-301F-11D3-BF4B-00C04F79EFBC}") = "0001.TwoSum", "0001.TwoSum\0001.TwoSum.csproj", "{E86B0C9C-90FB-42E4-AF35-C3CCC51DAF96}"
EndProject
Project("{FAE04EC0-301F-11D3-BF4B-00C04F79EFBC}") = "0004.MedianofTwoSortedArrays", "0004.MedianofTwoSortedArrays\0004.MedianofTwoSortedArrays.csproj", "{6D931DBA-D253-424A-A92B-A28EF02B789E}"
EndProject
Project("{FAE04EC0-301F-11D3-BF4B-00C04F79EFBC}") = "0002.AddTwoNumbers", "0002.AddTwoNumbers\0002.AddTwoNumbers.csproj", "{869B4137-856A-4648-8E3C-63DB639FFFDF}"
EndProject
Project("{FAE04EC0-301F-11D3-BF4B-00C04F79EFBC}") = "0003.LongestSubstringWithoutRepeatingCharacters", "0003.LongestSubstringWithoutRepeatingCharacters\0003.LongestSubstringWithoutRepeatingCharacters.csproj", "{FAFA48C3-78CE-41C3-BC99-7461F1872E92}"
EndProject
Project("{FAE04EC0-301F-11D3-BF4B-00C04F79EFBC}") = "0005.LongestPalindromicSubstring", "0005.LongestPalindromicSubstring\0005.LongestPalindromicSubstring.csproj", "{CB84C3CD-5404-4A07-AC87-818E3943D1AC}"
EndProject
Project("{FAE04EC0-301F-11D3-BF4B-00C04F79EFBC}") = "0006.ZigZagConversion", "0006.ZigZagConversion\0006.ZigZagConversion.csproj", "{7FEEDBA2-9F5C-4683-BBD9-DA1484393991}"
EndProject
Project("{FAE04EC0-301F-11D3-BF4B-00C04F79EFBC}") = "0007.ReverseInteger", "0007.ReverseInteger\0007.ReverseInteger.csproj", "{7FB9D621-1890-43A4-95ED-AE9184E45A74}"
EndProject
Project("{FAE04EC0-301F-11D3-BF4B-00C04F79EFBC}") = "0008.StringToInteger", "0008.StringToInteger\0008.StringToInteger.csproj", "{DE14BCCD-1954-4B7F-9D75-F326E8F0370F}"
EndProject
Project("{FAE04EC0-301F-11D3-BF4B-00C04F79EFBC}") = "0009.PalindromeNumber", "0009.PalindromeNumber\0009.PalindromeNumber.csproj", "{8D16B20E-4381-404A-AF6F-20545F06335B}"
EndProject
Project("{8BC9CEB8-8B4A-11D0-8D11-00A0C91BC942}") = "0010.RegularExpressionMatching", "0010.RegularExpressionMatching\0010.RegularExpressionMatching.vcxproj", "{F6E65F76-D2F2-4085-9D89-D70169F32EC4}"
EndProject
Project("{FAE04EC0-301F-11D3-BF4B-00C04F79EFBC}") = "0011.ContainerWithMostWater", "0011.ContainerWithMostWater\0011.ContainerWithMostWater.csproj", "{5819CDD4-73D1-4889-A56B-52945ACE38C1}"
EndProject
Project("{FAE04EC0-301F-11D3-BF4B-00C04F79EFBC}") = "0065.ValidNumber", "0065.ValidNumber\0065.ValidNumber.csproj", "{F7B8B514-476E-4AD4-BE41-55A1083A8866}"
EndProject
Project("{FAE04EC0-301F-11D3-BF4B-00C04F79EFBC}") = "0149.MaxPointsonaLine", "0149.MaxPointsonaLine\0149.MaxPointsonaLine.csproj", "{8FB7968B-F330-47C5-A5C1-17FCD2E4A031}"
EndProject
Project("{8BC9CEB8-8B4A-11D0-8D11-00A0C91BC942}") = "0166.FractiontoRecurringDecimal", "0166.FractiontoRecurringDecimal\0166.FractiontoRecurringDecimal.vcxproj", "{AF4DFD1D-177B-432F-8E82-7FE703E0E14F}"
EndProject
Project("{8BC9CEB8-8B4A-11D0-8D11-00A0C91BC942}") = "0126.WordLadderII", "0126.WordLadderII\0126.WordLadderII.vcxproj", "{26B9FD03-3530-4366-BF5D-3D44407DB0FB}"
EndProject
Project("{FAE04EC0-301F-11D3-BF4B-00C04F79EFBC}") = "0127.WordLadder.CS", "0127.WordLadder.CS\0127.WordLadder.CS.csproj", "{C5632FD5-3C3B-4FC4-9398-8E70B236E229}"
EndProject
Project("{FAE04EC0-301F-11D3-BF4B-00C04F79EFBC}") = "0136.SingleNumber", "0136.SingleNumber\0136.SingleNumber.csproj", "{9A5A5677-2320-4446-82C4-02DF6ECA4087}"
EndProject
Project("{FAE04EC0-301F-11D3-BF4B-00C04F79EFBC}") = "0068.TextJustification", "0068.TextJustification\0068.TextJustification.csproj", "{BDB642EA-0CD8-4969-9CB5-1A6E3E3321BF}"
EndProject
Project("{FAE04EC0-301F-11D3-BF4B-00C04F79EFBC}") = "0130.SurroundedRegions", "0130.SurroundedRegions\0130.SurroundedRegions.csproj", "{6200C0E0-3AF3-4E68-9067-AF592AD6976E}"
EndProject
Project("{FAE04EC0-301F-11D3-BF4B-00C04F79EFBC}") = "0012.IntegertoRoman", "0012.IntegertoRoman\0012.IntegertoRoman.csproj", "{485F699C-C923-41A8-8897-AE836CEA12F6}"
EndProject
Project("{FAE04EC0-301F-11D3-BF4B-00C04F79EFBC}") = "0013.RomantoInteger", "0013.RomantoInteger\0013.RomantoInteger.csproj", "{78CF034E-1A65-409D-9C08-D96C44952C03}"
EndProject
Project("{FAE04EC0-301F-11D3-BF4B-00C04F79EFBC}") = "0014.LongestCommonPrefix", "0014.LongestCommonPrefix\0014.LongestCommonPrefix.csproj", "{BB6E0D37-6D00-4737-A040-F28177CA7D5F}"
EndProject
Project("{FAE04EC0-301F-11D3-BF4B-00C04F79EFBC}") = "0015.3Sum", "0015.3Sum\0015.3Sum.csproj", "{CB01D21A-0F0F-4909-8362-2CCD01F83962}"
EndProject
Project("{FAE04EC0-301F-11D3-BF4B-00C04F79EFBC}") = "0016.3SumClosest", "0016.3SumClosest\0016.3SumClosest.csproj", "{EFAD87A8-E141-4F74-B8F5-E0D1E15986BE}"
EndProject
Project("{FAE04EC0-301F-11D3-BF4B-00C04F79EFBC}") = "0017.Letter CombinationsofaPhoneNumber", "0017.Letter CombinationsofaPhoneNumber\0017.Letter CombinationsofaPhoneNumber.csproj", "{15D282A7-951A-44B3-82D3-976D198026B1}"
EndProject
Project("{FAE04EC0-301F-11D3-BF4B-00C04F79EFBC}") = "0018.4Sum", "0018.4Sum\0018.4Sum.csproj", "{74B2F0E8-5667-40E7-A6A4-D893F611C789}"
EndProject
Project("{FAE04EC0-301F-11D3-BF4B-00C04F79EFBC}") = "0019.RemoveNthNodeFromEndofList", "0019.RemoveNthNodeFromEndofList\0019.RemoveNthNodeFromEndofList.csproj", "{D7208736-93CE-4B15-9BD9-32C9058EF296}"
EndProject
Project("{FAE04EC0-301F-11D3-BF4B-00C04F79EFBC}") = "0020.ValidParentheses", "0020.ValidParentheses\0020.ValidParentheses.csproj", "{E1270FB7-9025-47DF-B3C9-99B86B7AB406}"
EndProject
Project("{FAE04EC0-301F-11D3-BF4B-00C04F79EFBC}") = "0021.MergeTwoSortedLists", "0021.MergeTwoSortedLists\0021.MergeTwoSortedLists.csproj", "{C8DED3E6-B420-4E74-B6C3-C99CF5475074}"
EndProject
Project("{FAE04EC0-301F-11D3-BF4B-00C04F79EFBC}") = "0022.GenerateParentheses", "0022.GenerateParentheses\0022.GenerateParentheses.csproj", "{6B716044-9DEB-46E8-A3CA-86BDCEE509CD}"
EndProject
Project("{FAE04EC0-301F-11D3-BF4B-00C04F79EFBC}") = "0023.MergekSortedLists", "0023.MergekSortedLists\0023.MergekSortedLists.csproj", "{9D4FB694-57AD-4958-B93C-35E2425907A6}"
EndProject
Project("{FAE04EC0-301F-11D3-BF4B-00C04F79EFBC}") = "0024.SwapNodesinPairs", "0024.SwapNodesinPairs\0024.SwapNodesinPairs.csproj", "{C00C3A84-2660-4721-8158-D79792BBE02E}"
EndProject
Project("{FAE04EC0-301F-11D3-BF4B-00C04F79EFBC}") = "0025.ReverseNodesink-Group", "0025.ReverseNodesink-Group\0025.ReverseNodesink-Group.csproj", "{6677BF0C-DA8C-4947-9816-8DB0BCA459FF}"
EndProject
Project("{FAE04EC0-301F-11D3-BF4B-00C04F79EFBC}") = "0026.RemoveDuplicatesfromSortedArray", "0026.RemoveDuplicatesfromSortedArray\0026.RemoveDuplicatesfromSortedArray.csproj", "{707EE0ED-8FF8-4D31-BACA-15758F6143EA}"
EndProject
Project("{FAE04EC0-301F-11D3-BF4B-00C04F79EFBC}") = "0027.RemoveElement", "0027.RemoveElement\0027.RemoveElement.csproj", "{FEC7B13B-8D70-4091-A031-ECBE0E8FF8C8}"
EndProject
Project("{FAE04EC0-301F-11D3-BF4B-00C04F79EFBC}") = "0028.ImplementstrStr", "0028.ImplementstrStr\0028.ImplementstrStr.csproj", "{C469FA76-9654-40AF-ABC1-A76A26D66111}"
EndProject
Project("{FAE04EC0-301F-11D3-BF4B-00C04F79EFBC}") = "0029.DivideTwoIntegers", "0029.DivideTwoIntegers\0029.DivideTwoIntegers.csproj", "{42F257EB-F3C7-4E4F-BFF3-39383F67273F}"
EndProject
Project("{FAE04EC0-301F-11D3-BF4B-00C04F79EFBC}") = "0030.SubstringwithConcatenationofAllWords", "0030.SubstringwithConcatenationofAllWords\0030.SubstringwithConcatenationofAllWords.csproj", "{100ED8C5-7769-42B1-9730-4AFB904E8FC9}"
EndProject
Global
	GlobalSection(SolutionConfigurationPlatforms) = preSolution
		Debug|Any CPU = Debug|Any CPU
		Debug|Mixed Platforms = Debug|Mixed Platforms
		Debug|Win32 = Debug|Win32
		Release|Any CPU = Release|Any CPU
		Release|Mixed Platforms = Release|Mixed Platforms
		Release|Win32 = Release|Win32
	EndGlobalSection
	GlobalSection(ProjectConfigurationPlatforms) = postSolution
		{C22AD94B-4CC9-4348-93CD-619FFB8D36E7}.Debug|Any CPU.ActiveCfg = Debug|Any CPU
		{C22AD94B-4CC9-4348-93CD-619FFB8D36E7}.Debug|Any CPU.Build.0 = Debug|Any CPU
		{C22AD94B-4CC9-4348-93CD-619FFB8D36E7}.Debug|Mixed Platforms.ActiveCfg = Debug|Any CPU
		{C22AD94B-4CC9-4348-93CD-619FFB8D36E7}.Debug|Mixed Platforms.Build.0 = Debug|Any CPU
		{C22AD94B-4CC9-4348-93CD-619FFB8D36E7}.Debug|Win32.ActiveCfg = Debug|Any CPU
		{C22AD94B-4CC9-4348-93CD-619FFB8D36E7}.Release|Any CPU.ActiveCfg = Release|Any CPU
		{C22AD94B-4CC9-4348-93CD-619FFB8D36E7}.Release|Any CPU.Build.0 = Release|Any CPU
		{C22AD94B-4CC9-4348-93CD-619FFB8D36E7}.Release|Mixed Platforms.ActiveCfg = Release|Any CPU
		{C22AD94B-4CC9-4348-93CD-619FFB8D36E7}.Release|Mixed Platforms.Build.0 = Release|Any CPU
		{C22AD94B-4CC9-4348-93CD-619FFB8D36E7}.Release|Win32.ActiveCfg = Release|Any CPU
		{E86B0C9C-90FB-42E4-AF35-C3CCC51DAF96}.Debug|Any CPU.ActiveCfg = Debug|Any CPU
		{E86B0C9C-90FB-42E4-AF35-C3CCC51DAF96}.Debug|Any CPU.Build.0 = Debug|Any CPU
		{E86B0C9C-90FB-42E4-AF35-C3CCC51DAF96}.Debug|Mixed Platforms.ActiveCfg = Debug|Any CPU
		{E86B0C9C-90FB-42E4-AF35-C3CCC51DAF96}.Debug|Mixed Platforms.Build.0 = Debug|Any CPU
		{E86B0C9C-90FB-42E4-AF35-C3CCC51DAF96}.Debug|Win32.ActiveCfg = Debug|Any CPU
		{E86B0C9C-90FB-42E4-AF35-C3CCC51DAF96}.Release|Any CPU.ActiveCfg = Release|Any CPU
		{E86B0C9C-90FB-42E4-AF35-C3CCC51DAF96}.Release|Any CPU.Build.0 = Release|Any CPU
		{E86B0C9C-90FB-42E4-AF35-C3CCC51DAF96}.Release|Mixed Platforms.ActiveCfg = Release|Any CPU
		{E86B0C9C-90FB-42E4-AF35-C3CCC51DAF96}.Release|Mixed Platforms.Build.0 = Release|Any CPU
		{E86B0C9C-90FB-42E4-AF35-C3CCC51DAF96}.Release|Win32.ActiveCfg = Release|Any CPU
		{6D931DBA-D253-424A-A92B-A28EF02B789E}.Debug|Any CPU.ActiveCfg = Debug|Any CPU
		{6D931DBA-D253-424A-A92B-A28EF02B789E}.Debug|Any CPU.Build.0 = Debug|Any CPU
		{6D931DBA-D253-424A-A92B-A28EF02B789E}.Debug|Mixed Platforms.ActiveCfg = Debug|Any CPU
		{6D931DBA-D253-424A-A92B-A28EF02B789E}.Debug|Mixed Platforms.Build.0 = Debug|Any CPU
		{6D931DBA-D253-424A-A92B-A28EF02B789E}.Debug|Win32.ActiveCfg = Debug|Any CPU
		{6D931DBA-D253-424A-A92B-A28EF02B789E}.Release|Any CPU.ActiveCfg = Release|Any CPU
		{6D931DBA-D253-424A-A92B-A28EF02B789E}.Release|Any CPU.Build.0 = Release|Any CPU
		{6D931DBA-D253-424A-A92B-A28EF02B789E}.Release|Mixed Platforms.ActiveCfg = Release|Any CPU
		{6D931DBA-D253-424A-A92B-A28EF02B789E}.Release|Mixed Platforms.Build.0 = Release|Any CPU
		{6D931DBA-D253-424A-A92B-A28EF02B789E}.Release|Win32.ActiveCfg = Release|Any CPU
		{869B4137-856A-4648-8E3C-63DB639FFFDF}.Debug|Any CPU.ActiveCfg = Debug|Any CPU
		{869B4137-856A-4648-8E3C-63DB639FFFDF}.Debug|Any CPU.Build.0 = Debug|Any CPU
		{869B4137-856A-4648-8E3C-63DB639FFFDF}.Debug|Mixed Platforms.ActiveCfg = Debug|Any CPU
		{869B4137-856A-4648-8E3C-63DB639FFFDF}.Debug|Mixed Platforms.Build.0 = Debug|Any CPU
		{869B4137-856A-4648-8E3C-63DB639FFFDF}.Debug|Win32.ActiveCfg = Debug|Any CPU
		{869B4137-856A-4648-8E3C-63DB639FFFDF}.Release|Any CPU.ActiveCfg = Release|Any CPU
		{869B4137-856A-4648-8E3C-63DB639FFFDF}.Release|Any CPU.Build.0 = Release|Any CPU
		{869B4137-856A-4648-8E3C-63DB639FFFDF}.Release|Mixed Platforms.ActiveCfg = Release|Any CPU
		{869B4137-856A-4648-8E3C-63DB639FFFDF}.Release|Mixed Platforms.Build.0 = Release|Any CPU
		{869B4137-856A-4648-8E3C-63DB639FFFDF}.Release|Win32.ActiveCfg = Release|Any CPU
		{FAFA48C3-78CE-41C3-BC99-7461F1872E92}.Debug|Any CPU.ActiveCfg = Debug|Any CPU
		{FAFA48C3-78CE-41C3-BC99-7461F1872E92}.Debug|Any CPU.Build.0 = Debug|Any CPU
		{FAFA48C3-78CE-41C3-BC99-7461F1872E92}.Debug|Mixed Platforms.ActiveCfg = Debug|Any CPU
		{FAFA48C3-78CE-41C3-BC99-7461F1872E92}.Debug|Mixed Platforms.Build.0 = Debug|Any CPU
		{FAFA48C3-78CE-41C3-BC99-7461F1872E92}.Debug|Win32.ActiveCfg = Debug|Any CPU
		{FAFA48C3-78CE-41C3-BC99-7461F1872E92}.Release|Any CPU.ActiveCfg = Release|Any CPU
		{FAFA48C3-78CE-41C3-BC99-7461F1872E92}.Release|Any CPU.Build.0 = Release|Any CPU
		{FAFA48C3-78CE-41C3-BC99-7461F1872E92}.Release|Mixed Platforms.ActiveCfg = Release|Any CPU
		{FAFA48C3-78CE-41C3-BC99-7461F1872E92}.Release|Mixed Platforms.Build.0 = Release|Any CPU
		{FAFA48C3-78CE-41C3-BC99-7461F1872E92}.Release|Win32.ActiveCfg = Release|Any CPU
		{CB84C3CD-5404-4A07-AC87-818E3943D1AC}.Debug|Any CPU.ActiveCfg = Debug|Any CPU
		{CB84C3CD-5404-4A07-AC87-818E3943D1AC}.Debug|Any CPU.Build.0 = Debug|Any CPU
		{CB84C3CD-5404-4A07-AC87-818E3943D1AC}.Debug|Mixed Platforms.ActiveCfg = Debug|Any CPU
		{CB84C3CD-5404-4A07-AC87-818E3943D1AC}.Debug|Mixed Platforms.Build.0 = Debug|Any CPU
		{CB84C3CD-5404-4A07-AC87-818E3943D1AC}.Debug|Win32.ActiveCfg = Debug|Any CPU
		{CB84C3CD-5404-4A07-AC87-818E3943D1AC}.Release|Any CPU.ActiveCfg = Release|Any CPU
		{CB84C3CD-5404-4A07-AC87-818E3943D1AC}.Release|Any CPU.Build.0 = Release|Any CPU
		{CB84C3CD-5404-4A07-AC87-818E3943D1AC}.Release|Mixed Platforms.ActiveCfg = Release|Any CPU
		{CB84C3CD-5404-4A07-AC87-818E3943D1AC}.Release|Mixed Platforms.Build.0 = Release|Any CPU
		{CB84C3CD-5404-4A07-AC87-818E3943D1AC}.Release|Win32.ActiveCfg = Release|Any CPU
		{7FEEDBA2-9F5C-4683-BBD9-DA1484393991}.Debug|Any CPU.ActiveCfg = Debug|Any CPU
		{7FEEDBA2-9F5C-4683-BBD9-DA1484393991}.Debug|Any CPU.Build.0 = Debug|Any CPU
		{7FEEDBA2-9F5C-4683-BBD9-DA1484393991}.Debug|Mixed Platforms.ActiveCfg = Debug|Any CPU
		{7FEEDBA2-9F5C-4683-BBD9-DA1484393991}.Debug|Mixed Platforms.Build.0 = Debug|Any CPU
		{7FEEDBA2-9F5C-4683-BBD9-DA1484393991}.Debug|Win32.ActiveCfg = Debug|Any CPU
		{7FEEDBA2-9F5C-4683-BBD9-DA1484393991}.Release|Any CPU.ActiveCfg = Release|Any CPU
		{7FEEDBA2-9F5C-4683-BBD9-DA1484393991}.Release|Any CPU.Build.0 = Release|Any CPU
		{7FEEDBA2-9F5C-4683-BBD9-DA1484393991}.Release|Mixed Platforms.ActiveCfg = Release|Any CPU
		{7FEEDBA2-9F5C-4683-BBD9-DA1484393991}.Release|Mixed Platforms.Build.0 = Release|Any CPU
		{7FEEDBA2-9F5C-4683-BBD9-DA1484393991}.Release|Win32.ActiveCfg = Release|Any CPU
		{7FB9D621-1890-43A4-95ED-AE9184E45A74}.Debug|Any CPU.ActiveCfg = Debug|Any CPU
		{7FB9D621-1890-43A4-95ED-AE9184E45A74}.Debug|Any CPU.Build.0 = Debug|Any CPU
		{7FB9D621-1890-43A4-95ED-AE9184E45A74}.Debug|Mixed Platforms.ActiveCfg = Debug|Any CPU
		{7FB9D621-1890-43A4-95ED-AE9184E45A74}.Debug|Mixed Platforms.Build.0 = Debug|Any CPU
		{7FB9D621-1890-43A4-95ED-AE9184E45A74}.Debug|Win32.ActiveCfg = Debug|Any CPU
		{7FB9D621-1890-43A4-95ED-AE9184E45A74}.Release|Any CPU.ActiveCfg = Release|Any CPU
		{7FB9D621-1890-43A4-95ED-AE9184E45A74}.Release|Any CPU.Build.0 = Release|Any CPU
		{7FB9D621-1890-43A4-95ED-AE9184E45A74}.Release|Mixed Platforms.ActiveCfg = Release|Any CPU
		{7FB9D621-1890-43A4-95ED-AE9184E45A74}.Release|Mixed Platforms.Build.0 = Release|Any CPU
		{7FB9D621-1890-43A4-95ED-AE9184E45A74}.Release|Win32.ActiveCfg = Release|Any CPU
		{DE14BCCD-1954-4B7F-9D75-F326E8F0370F}.Debug|Any CPU.ActiveCfg = Debug|Any CPU
		{DE14BCCD-1954-4B7F-9D75-F326E8F0370F}.Debug|Any CPU.Build.0 = Debug|Any CPU
		{DE14BCCD-1954-4B7F-9D75-F326E8F0370F}.Debug|Mixed Platforms.ActiveCfg = Debug|Any CPU
		{DE14BCCD-1954-4B7F-9D75-F326E8F0370F}.Debug|Mixed Platforms.Build.0 = Debug|Any CPU
		{DE14BCCD-1954-4B7F-9D75-F326E8F0370F}.Debug|Win32.ActiveCfg = Debug|Any CPU
		{DE14BCCD-1954-4B7F-9D75-F326E8F0370F}.Release|Any CPU.ActiveCfg = Release|Any CPU
		{DE14BCCD-1954-4B7F-9D75-F326E8F0370F}.Release|Any CPU.Build.0 = Release|Any CPU
		{DE14BCCD-1954-4B7F-9D75-F326E8F0370F}.Release|Mixed Platforms.ActiveCfg = Release|Any CPU
		{DE14BCCD-1954-4B7F-9D75-F326E8F0370F}.Release|Mixed Platforms.Build.0 = Release|Any CPU
		{DE14BCCD-1954-4B7F-9D75-F326E8F0370F}.Release|Win32.ActiveCfg = Release|Any CPU
		{8D16B20E-4381-404A-AF6F-20545F06335B}.Debug|Any CPU.ActiveCfg = Debug|Any CPU
		{8D16B20E-4381-404A-AF6F-20545F06335B}.Debug|Any CPU.Build.0 = Debug|Any CPU
		{8D16B20E-4381-404A-AF6F-20545F06335B}.Debug|Mixed Platforms.ActiveCfg = Debug|Any CPU
		{8D16B20E-4381-404A-AF6F-20545F06335B}.Debug|Mixed Platforms.Build.0 = Debug|Any CPU
		{8D16B20E-4381-404A-AF6F-20545F06335B}.Debug|Win32.ActiveCfg = Debug|Any CPU
		{8D16B20E-4381-404A-AF6F-20545F06335B}.Release|Any CPU.ActiveCfg = Release|Any CPU
		{8D16B20E-4381-404A-AF6F-20545F06335B}.Release|Any CPU.Build.0 = Release|Any CPU
		{8D16B20E-4381-404A-AF6F-20545F06335B}.Release|Mixed Platforms.ActiveCfg = Release|Any CPU
		{8D16B20E-4381-404A-AF6F-20545F06335B}.Release|Mixed Platforms.Build.0 = Release|Any CPU
		{8D16B20E-4381-404A-AF6F-20545F06335B}.Release|Win32.ActiveCfg = Release|Any CPU
		{F6E65F76-D2F2-4085-9D89-D70169F32EC4}.Debug|Any CPU.ActiveCfg = Debug|Win32
		{F6E65F76-D2F2-4085-9D89-D70169F32EC4}.Debug|Mixed Platforms.ActiveCfg = Debug|Win32
		{F6E65F76-D2F2-4085-9D89-D70169F32EC4}.Debug|Mixed Platforms.Build.0 = Debug|Win32
		{F6E65F76-D2F2-4085-9D89-D70169F32EC4}.Debug|Win32.ActiveCfg = Debug|Win32
		{F6E65F76-D2F2-4085-9D89-D70169F32EC4}.Debug|Win32.Build.0 = Debug|Win32
		{F6E65F76-D2F2-4085-9D89-D70169F32EC4}.Release|Any CPU.ActiveCfg = Release|Win32
		{F6E65F76-D2F2-4085-9D89-D70169F32EC4}.Release|Mixed Platforms.ActiveCfg = Release|Win32
		{F6E65F76-D2F2-4085-9D89-D70169F32EC4}.Release|Mixed Platforms.Build.0 = Release|Win32
		{F6E65F76-D2F2-4085-9D89-D70169F32EC4}.Release|Win32.ActiveCfg = Release|Win32
		{F6E65F76-D2F2-4085-9D89-D70169F32EC4}.Release|Win32.Build.0 = Release|Win32
		{5819CDD4-73D1-4889-A56B-52945ACE38C1}.Debug|Any CPU.ActiveCfg = Debug|Any CPU
		{5819CDD4-73D1-4889-A56B-52945ACE38C1}.Debug|Any CPU.Build.0 = Debug|Any CPU
		{5819CDD4-73D1-4889-A56B-52945ACE38C1}.Debug|Mixed Platforms.ActiveCfg = Debug|Any CPU
		{5819CDD4-73D1-4889-A56B-52945ACE38C1}.Debug|Mixed Platforms.Build.0 = Debug|Any CPU
		{5819CDD4-73D1-4889-A56B-52945ACE38C1}.Debug|Win32.ActiveCfg = Debug|Any CPU
		{5819CDD4-73D1-4889-A56B-52945ACE38C1}.Release|Any CPU.ActiveCfg = Release|Any CPU
		{5819CDD4-73D1-4889-A56B-52945ACE38C1}.Release|Any CPU.Build.0 = Release|Any CPU
		{5819CDD4-73D1-4889-A56B-52945ACE38C1}.Release|Mixed Platforms.ActiveCfg = Release|Any CPU
		{5819CDD4-73D1-4889-A56B-52945ACE38C1}.Release|Mixed Platforms.Build.0 = Release|Any CPU
		{5819CDD4-73D1-4889-A56B-52945ACE38C1}.Release|Win32.ActiveCfg = Release|Any CPU
		{F7B8B514-476E-4AD4-BE41-55A1083A8866}.Debug|Any CPU.ActiveCfg = Debug|Any CPU
		{F7B8B514-476E-4AD4-BE41-55A1083A8866}.Debug|Any CPU.Build.0 = Debug|Any CPU
		{F7B8B514-476E-4AD4-BE41-55A1083A8866}.Debug|Mixed Platforms.ActiveCfg = Debug|Any CPU
		{F7B8B514-476E-4AD4-BE41-55A1083A8866}.Debug|Mixed Platforms.Build.0 = Debug|Any CPU
		{F7B8B514-476E-4AD4-BE41-55A1083A8866}.Debug|Win32.ActiveCfg = Debug|Any CPU
		{F7B8B514-476E-4AD4-BE41-55A1083A8866}.Release|Any CPU.ActiveCfg = Release|Any CPU
		{F7B8B514-476E-4AD4-BE41-55A1083A8866}.Release|Any CPU.Build.0 = Release|Any CPU
		{F7B8B514-476E-4AD4-BE41-55A1083A8866}.Release|Mixed Platforms.ActiveCfg = Release|Any CPU
		{F7B8B514-476E-4AD4-BE41-55A1083A8866}.Release|Mixed Platforms.Build.0 = Release|Any CPU
		{F7B8B514-476E-4AD4-BE41-55A1083A8866}.Release|Win32.ActiveCfg = Release|Any CPU
		{8FB7968B-F330-47C5-A5C1-17FCD2E4A031}.Debug|Any CPU.ActiveCfg = Debug|Any CPU
		{8FB7968B-F330-47C5-A5C1-17FCD2E4A031}.Debug|Any CPU.Build.0 = Debug|Any CPU
		{8FB7968B-F330-47C5-A5C1-17FCD2E4A031}.Debug|Mixed Platforms.ActiveCfg = Debug|Any CPU
		{8FB7968B-F330-47C5-A5C1-17FCD2E4A031}.Debug|Mixed Platforms.Build.0 = Debug|Any CPU
		{8FB7968B-F330-47C5-A5C1-17FCD2E4A031}.Debug|Win32.ActiveCfg = Debug|Any CPU
		{8FB7968B-F330-47C5-A5C1-17FCD2E4A031}.Release|Any CPU.ActiveCfg = Release|Any CPU
		{8FB7968B-F330-47C5-A5C1-17FCD2E4A031}.Release|Any CPU.Build.0 = Release|Any CPU
		{8FB7968B-F330-47C5-A5C1-17FCD2E4A031}.Release|Mixed Platforms.ActiveCfg = Release|Any CPU
		{8FB7968B-F330-47C5-A5C1-17FCD2E4A031}.Release|Mixed Platforms.Build.0 = Release|Any CPU
		{8FB7968B-F330-47C5-A5C1-17FCD2E4A031}.Release|Win32.ActiveCfg = Release|Any CPU
		{AF4DFD1D-177B-432F-8E82-7FE703E0E14F}.Debug|Any CPU.ActiveCfg = Debug|Win32
		{AF4DFD1D-177B-432F-8E82-7FE703E0E14F}.Debug|Mixed Platforms.ActiveCfg = Debug|Win32
		{AF4DFD1D-177B-432F-8E82-7FE703E0E14F}.Debug|Mixed Platforms.Build.0 = Debug|Win32
		{AF4DFD1D-177B-432F-8E82-7FE703E0E14F}.Debug|Win32.ActiveCfg = Debug|Win32
		{AF4DFD1D-177B-432F-8E82-7FE703E0E14F}.Debug|Win32.Build.0 = Debug|Win32
		{AF4DFD1D-177B-432F-8E82-7FE703E0E14F}.Release|Any CPU.ActiveCfg = Release|Win32
		{AF4DFD1D-177B-432F-8E82-7FE703E0E14F}.Release|Mixed Platforms.ActiveCfg = Release|Win32
		{AF4DFD1D-177B-432F-8E82-7FE703E0E14F}.Release|Mixed Platforms.Build.0 = Release|Win32
		{AF4DFD1D-177B-432F-8E82-7FE703E0E14F}.Release|Win32.ActiveCfg = Release|Win32
		{AF4DFD1D-177B-432F-8E82-7FE703E0E14F}.Release|Win32.Build.0 = Release|Win32
		{26B9FD03-3530-4366-BF5D-3D44407DB0FB}.Debug|Any CPU.ActiveCfg = Debug|Win32
		{26B9FD03-3530-4366-BF5D-3D44407DB0FB}.Debug|Mixed Platforms.ActiveCfg = Debug|Win32
		{26B9FD03-3530-4366-BF5D-3D44407DB0FB}.Debug|Mixed Platforms.Build.0 = Debug|Win32
		{26B9FD03-3530-4366-BF5D-3D44407DB0FB}.Debug|Win32.ActiveCfg = Debug|Win32
		{26B9FD03-3530-4366-BF5D-3D44407DB0FB}.Debug|Win32.Build.0 = Debug|Win32
		{26B9FD03-3530-4366-BF5D-3D44407DB0FB}.Release|Any CPU.ActiveCfg = Release|Win32
		{26B9FD03-3530-4366-BF5D-3D44407DB0FB}.Release|Mixed Platforms.ActiveCfg = Release|Win32
		{26B9FD03-3530-4366-BF5D-3D44407DB0FB}.Release|Mixed Platforms.Build.0 = Release|Win32
		{26B9FD03-3530-4366-BF5D-3D44407DB0FB}.Release|Win32.ActiveCfg = Release|Win32
		{26B9FD03-3530-4366-BF5D-3D44407DB0FB}.Release|Win32.Build.0 = Release|Win32
		{C5632FD5-3C3B-4FC4-9398-8E70B236E229}.Debug|Any CPU.ActiveCfg = Debug|Any CPU
		{C5632FD5-3C3B-4FC4-9398-8E70B236E229}.Debug|Any CPU.Build.0 = Debug|Any CPU
		{C5632FD5-3C3B-4FC4-9398-8E70B236E229}.Debug|Mixed Platforms.ActiveCfg = Debug|Any CPU
		{C5632FD5-3C3B-4FC4-9398-8E70B236E229}.Debug|Mixed Platforms.Build.0 = Debug|Any CPU
		{C5632FD5-3C3B-4FC4-9398-8E70B236E229}.Debug|Win32.ActiveCfg = Debug|Any CPU
		{C5632FD5-3C3B-4FC4-9398-8E70B236E229}.Release|Any CPU.ActiveCfg = Release|Any CPU
		{C5632FD5-3C3B-4FC4-9398-8E70B236E229}.Release|Any CPU.Build.0 = Release|Any CPU
		{C5632FD5-3C3B-4FC4-9398-8E70B236E229}.Release|Mixed Platforms.ActiveCfg = Release|Any CPU
		{C5632FD5-3C3B-4FC4-9398-8E70B236E229}.Release|Mixed Platforms.Build.0 = Release|Any CPU
		{C5632FD5-3C3B-4FC4-9398-8E70B236E229}.Release|Win32.ActiveCfg = Release|Any CPU
		{9A5A5677-2320-4446-82C4-02DF6ECA4087}.Debug|Any CPU.ActiveCfg = Debug|Any CPU
		{9A5A5677-2320-4446-82C4-02DF6ECA4087}.Debug|Any CPU.Build.0 = Debug|Any CPU
		{9A5A5677-2320-4446-82C4-02DF6ECA4087}.Debug|Mixed Platforms.ActiveCfg = Debug|Any CPU
		{9A5A5677-2320-4446-82C4-02DF6ECA4087}.Debug|Mixed Platforms.Build.0 = Debug|Any CPU
		{9A5A5677-2320-4446-82C4-02DF6ECA4087}.Debug|Win32.ActiveCfg = Debug|Any CPU
		{9A5A5677-2320-4446-82C4-02DF6ECA4087}.Release|Any CPU.ActiveCfg = Release|Any CPU
		{9A5A5677-2320-4446-82C4-02DF6ECA4087}.Release|Any CPU.Build.0 = Release|Any CPU
		{9A5A5677-2320-4446-82C4-02DF6ECA4087}.Release|Mixed Platforms.ActiveCfg = Release|Any CPU
		{9A5A5677-2320-4446-82C4-02DF6ECA4087}.Release|Mixed Platforms.Build.0 = Release|Any CPU
		{9A5A5677-2320-4446-82C4-02DF6ECA4087}.Release|Win32.ActiveCfg = Release|Any CPU
		{BDB642EA-0CD8-4969-9CB5-1A6E3E3321BF}.Debug|Any CPU.ActiveCfg = Debug|Any CPU
		{BDB642EA-0CD8-4969-9CB5-1A6E3E3321BF}.Debug|Any CPU.Build.0 = Debug|Any CPU
		{BDB642EA-0CD8-4969-9CB5-1A6E3E3321BF}.Debug|Mixed Platforms.ActiveCfg = Debug|Any CPU
		{BDB642EA-0CD8-4969-9CB5-1A6E3E3321BF}.Debug|Mixed Platforms.Build.0 = Debug|Any CPU
		{BDB642EA-0CD8-4969-9CB5-1A6E3E3321BF}.Debug|Win32.ActiveCfg = Debug|Any CPU
		{BDB642EA-0CD8-4969-9CB5-1A6E3E3321BF}.Release|Any CPU.ActiveCfg = Release|Any CPU
		{BDB642EA-0CD8-4969-9CB5-1A6E3E3321BF}.Release|Any CPU.Build.0 = Release|Any CPU
		{BDB642EA-0CD8-4969-9CB5-1A6E3E3321BF}.Release|Mixed Platforms.ActiveCfg = Release|Any CPU
		{BDB642EA-0CD8-4969-9CB5-1A6E3E3321BF}.Release|Mixed Platforms.Build.0 = Release|Any CPU
		{BDB642EA-0CD8-4969-9CB5-1A6E3E3321BF}.Release|Win32.ActiveCfg = Release|Any CPU
		{6200C0E0-3AF3-4E68-9067-AF592AD6976E}.Debug|Any CPU.ActiveCfg = Debug|Any CPU
		{6200C0E0-3AF3-4E68-9067-AF592AD6976E}.Debug|Any CPU.Build.0 = Debug|Any CPU
		{6200C0E0-3AF3-4E68-9067-AF592AD6976E}.Debug|Mixed Platforms.ActiveCfg = Debug|Any CPU
		{6200C0E0-3AF3-4E68-9067-AF592AD6976E}.Debug|Mixed Platforms.Build.0 = Debug|Any CPU
		{6200C0E0-3AF3-4E68-9067-AF592AD6976E}.Debug|Win32.ActiveCfg = Debug|Any CPU
		{6200C0E0-3AF3-4E68-9067-AF592AD6976E}.Release|Any CPU.ActiveCfg = Release|Any CPU
		{6200C0E0-3AF3-4E68-9067-AF592AD6976E}.Release|Any CPU.Build.0 = Release|Any CPU
		{6200C0E0-3AF3-4E68-9067-AF592AD6976E}.Release|Mixed Platforms.ActiveCfg = Release|Any CPU
		{6200C0E0-3AF3-4E68-9067-AF592AD6976E}.Release|Mixed Platforms.Build.0 = Release|Any CPU
		{6200C0E0-3AF3-4E68-9067-AF592AD6976E}.Release|Win32.ActiveCfg = Release|Any CPU
		{485F699C-C923-41A8-8897-AE836CEA12F6}.Debug|Any CPU.ActiveCfg = Debug|Any CPU
		{485F699C-C923-41A8-8897-AE836CEA12F6}.Debug|Any CPU.Build.0 = Debug|Any CPU
		{485F699C-C923-41A8-8897-AE836CEA12F6}.Debug|Mixed Platforms.ActiveCfg = Debug|Any CPU
		{485F699C-C923-41A8-8897-AE836CEA12F6}.Debug|Mixed Platforms.Build.0 = Debug|Any CPU
		{485F699C-C923-41A8-8897-AE836CEA12F6}.Debug|Win32.ActiveCfg = Debug|Any CPU
		{485F699C-C923-41A8-8897-AE836CEA12F6}.Release|Any CPU.ActiveCfg = Release|Any CPU
		{485F699C-C923-41A8-8897-AE836CEA12F6}.Release|Any CPU.Build.0 = Release|Any CPU
		{485F699C-C923-41A8-8897-AE836CEA12F6}.Release|Mixed Platforms.ActiveCfg = Release|Any CPU
		{485F699C-C923-41A8-8897-AE836CEA12F6}.Release|Mixed Platforms.Build.0 = Release|Any CPU
		{485F699C-C923-41A8-8897-AE836CEA12F6}.Release|Win32.ActiveCfg = Release|Any CPU
		{78CF034E-1A65-409D-9C08-D96C44952C03}.Debug|Any CPU.ActiveCfg = Debug|Any CPU
		{78CF034E-1A65-409D-9C08-D96C44952C03}.Debug|Any CPU.Build.0 = Debug|Any CPU
		{78CF034E-1A65-409D-9C08-D96C44952C03}.Debug|Mixed Platforms.ActiveCfg = Debug|Any CPU
		{78CF034E-1A65-409D-9C08-D96C44952C03}.Debug|Mixed Platforms.Build.0 = Debug|Any CPU
		{78CF034E-1A65-409D-9C08-D96C44952C03}.Debug|Win32.ActiveCfg = Debug|Any CPU
		{78CF034E-1A65-409D-9C08-D96C44952C03}.Release|Any CPU.ActiveCfg = Release|Any CPU
		{78CF034E-1A65-409D-9C08-D96C44952C03}.Release|Any CPU.Build.0 = Release|Any CPU
		{78CF034E-1A65-409D-9C08-D96C44952C03}.Release|Mixed Platforms.ActiveCfg = Release|Any CPU
		{78CF034E-1A65-409D-9C08-D96C44952C03}.Release|Mixed Platforms.Build.0 = Release|Any CPU
		{78CF034E-1A65-409D-9C08-D96C44952C03}.Release|Win32.ActiveCfg = Release|Any CPU
		{BB6E0D37-6D00-4737-A040-F28177CA7D5F}.Debug|Any CPU.ActiveCfg = Debug|Any CPU
		{BB6E0D37-6D00-4737-A040-F28177CA7D5F}.Debug|Any CPU.Build.0 = Debug|Any CPU
		{BB6E0D37-6D00-4737-A040-F28177CA7D5F}.Debug|Mixed Platforms.ActiveCfg = Debug|Any CPU
		{BB6E0D37-6D00-4737-A040-F28177CA7D5F}.Debug|Mixed Platforms.Build.0 = Debug|Any CPU
		{BB6E0D37-6D00-4737-A040-F28177CA7D5F}.Debug|Win32.ActiveCfg = Debug|Any CPU
		{BB6E0D37-6D00-4737-A040-F28177CA7D5F}.Release|Any CPU.ActiveCfg = Release|Any CPU
		{BB6E0D37-6D00-4737-A040-F28177CA7D5F}.Release|Any CPU.Build.0 = Release|Any CPU
		{BB6E0D37-6D00-4737-A040-F28177CA7D5F}.Release|Mixed Platforms.ActiveCfg = Release|Any CPU
		{BB6E0D37-6D00-4737-A040-F28177CA7D5F}.Release|Mixed Platforms.Build.0 = Release|Any CPU
		{BB6E0D37-6D00-4737-A040-F28177CA7D5F}.Release|Win32.ActiveCfg = Release|Any CPU
		{CB01D21A-0F0F-4909-8362-2CCD01F83962}.Debug|Any CPU.ActiveCfg = Debug|Any CPU
		{CB01D21A-0F0F-4909-8362-2CCD01F83962}.Debug|Any CPU.Build.0 = Debug|Any CPU
		{CB01D21A-0F0F-4909-8362-2CCD01F83962}.Debug|Mixed Platforms.ActiveCfg = Debug|Any CPU
		{CB01D21A-0F0F-4909-8362-2CCD01F83962}.Debug|Mixed Platforms.Build.0 = Debug|Any CPU
		{CB01D21A-0F0F-4909-8362-2CCD01F83962}.Debug|Win32.ActiveCfg = Debug|Any CPU
		{CB01D21A-0F0F-4909-8362-2CCD01F83962}.Release|Any CPU.ActiveCfg = Release|Any CPU
		{CB01D21A-0F0F-4909-8362-2CCD01F83962}.Release|Any CPU.Build.0 = Release|Any CPU
		{CB01D21A-0F0F-4909-8362-2CCD01F83962}.Release|Mixed Platforms.ActiveCfg = Release|Any CPU
		{CB01D21A-0F0F-4909-8362-2CCD01F83962}.Release|Mixed Platforms.Build.0 = Release|Any CPU
		{CB01D21A-0F0F-4909-8362-2CCD01F83962}.Release|Win32.ActiveCfg = Release|Any CPU
		{EFAD87A8-E141-4F74-B8F5-E0D1E15986BE}.Debug|Any CPU.ActiveCfg = Debug|Any CPU
		{EFAD87A8-E141-4F74-B8F5-E0D1E15986BE}.Debug|Any CPU.Build.0 = Debug|Any CPU
		{EFAD87A8-E141-4F74-B8F5-E0D1E15986BE}.Debug|Mixed Platforms.ActiveCfg = Debug|Any CPU
		{EFAD87A8-E141-4F74-B8F5-E0D1E15986BE}.Debug|Mixed Platforms.Build.0 = Debug|Any CPU
		{EFAD87A8-E141-4F74-B8F5-E0D1E15986BE}.Debug|Win32.ActiveCfg = Debug|Any CPU
		{EFAD87A8-E141-4F74-B8F5-E0D1E15986BE}.Release|Any CPU.ActiveCfg = Release|Any CPU
		{EFAD87A8-E141-4F74-B8F5-E0D1E15986BE}.Release|Any CPU.Build.0 = Release|Any CPU
		{EFAD87A8-E141-4F74-B8F5-E0D1E15986BE}.Release|Mixed Platforms.ActiveCfg = Release|Any CPU
		{EFAD87A8-E141-4F74-B8F5-E0D1E15986BE}.Release|Mixed Platforms.Build.0 = Release|Any CPU
		{EFAD87A8-E141-4F74-B8F5-E0D1E15986BE}.Release|Win32.ActiveCfg = Release|Any CPU
		{15D282A7-951A-44B3-82D3-976D198026B1}.Debug|Any CPU.ActiveCfg = Debug|Any CPU
		{15D282A7-951A-44B3-82D3-976D198026B1}.Debug|Any CPU.Build.0 = Debug|Any CPU
		{15D282A7-951A-44B3-82D3-976D198026B1}.Debug|Mixed Platforms.ActiveCfg = Debug|Any CPU
		{15D282A7-951A-44B3-82D3-976D198026B1}.Debug|Mixed Platforms.Build.0 = Debug|Any CPU
		{15D282A7-951A-44B3-82D3-976D198026B1}.Debug|Win32.ActiveCfg = Debug|Any CPU
		{15D282A7-951A-44B3-82D3-976D198026B1}.Release|Any CPU.ActiveCfg = Release|Any CPU
		{15D282A7-951A-44B3-82D3-976D198026B1}.Release|Any CPU.Build.0 = Release|Any CPU
		{15D282A7-951A-44B3-82D3-976D198026B1}.Release|Mixed Platforms.ActiveCfg = Release|Any CPU
		{15D282A7-951A-44B3-82D3-976D198026B1}.Release|Mixed Platforms.Build.0 = Release|Any CPU
		{15D282A7-951A-44B3-82D3-976D198026B1}.Release|Win32.ActiveCfg = Release|Any CPU
		{74B2F0E8-5667-40E7-A6A4-D893F611C789}.Debug|Any CPU.ActiveCfg = Debug|Any CPU
		{74B2F0E8-5667-40E7-A6A4-D893F611C789}.Debug|Any CPU.Build.0 = Debug|Any CPU
		{74B2F0E8-5667-40E7-A6A4-D893F611C789}.Debug|Mixed Platforms.ActiveCfg = Debug|Any CPU
		{74B2F0E8-5667-40E7-A6A4-D893F611C789}.Debug|Mixed Platforms.Build.0 = Debug|Any CPU
		{74B2F0E8-5667-40E7-A6A4-D893F611C789}.Debug|Win32.ActiveCfg = Debug|Any CPU
		{74B2F0E8-5667-40E7-A6A4-D893F611C789}.Release|Any CPU.ActiveCfg = Release|Any CPU
		{74B2F0E8-5667-40E7-A6A4-D893F611C789}.Release|Any CPU.Build.0 = Release|Any CPU
		{74B2F0E8-5667-40E7-A6A4-D893F611C789}.Release|Mixed Platforms.ActiveCfg = Release|Any CPU
		{74B2F0E8-5667-40E7-A6A4-D893F611C789}.Release|Mixed Platforms.Build.0 = Release|Any CPU
		{74B2F0E8-5667-40E7-A6A4-D893F611C789}.Release|Win32.ActiveCfg = Release|Any CPU
		{D7208736-93CE-4B15-9BD9-32C9058EF296}.Debug|Any CPU.ActiveCfg = Debug|Any CPU
		{D7208736-93CE-4B15-9BD9-32C9058EF296}.Debug|Any CPU.Build.0 = Debug|Any CPU
		{D7208736-93CE-4B15-9BD9-32C9058EF296}.Debug|Mixed Platforms.ActiveCfg = Debug|Any CPU
		{D7208736-93CE-4B15-9BD9-32C9058EF296}.Debug|Mixed Platforms.Build.0 = Debug|Any CPU
		{D7208736-93CE-4B15-9BD9-32C9058EF296}.Debug|Win32.ActiveCfg = Debug|Any CPU
		{D7208736-93CE-4B15-9BD9-32C9058EF296}.Release|Any CPU.ActiveCfg = Release|Any CPU
		{D7208736-93CE-4B15-9BD9-32C9058EF296}.Release|Any CPU.Build.0 = Release|Any CPU
		{D7208736-93CE-4B15-9BD9-32C9058EF296}.Release|Mixed Platforms.ActiveCfg = Release|Any CPU
		{D7208736-93CE-4B15-9BD9-32C9058EF296}.Release|Mixed Platforms.Build.0 = Release|Any CPU
		{D7208736-93CE-4B15-9BD9-32C9058EF296}.Release|Win32.ActiveCfg = Release|Any CPU
		{E1270FB7-9025-47DF-B3C9-99B86B7AB406}.Debug|Any CPU.ActiveCfg = Debug|Any CPU
		{E1270FB7-9025-47DF-B3C9-99B86B7AB406}.Debug|Any CPU.Build.0 = Debug|Any CPU
		{E1270FB7-9025-47DF-B3C9-99B86B7AB406}.Debug|Mixed Platforms.ActiveCfg = Debug|Any CPU
		{E1270FB7-9025-47DF-B3C9-99B86B7AB406}.Debug|Mixed Platforms.Build.0 = Debug|Any CPU
		{E1270FB7-9025-47DF-B3C9-99B86B7AB406}.Debug|Win32.ActiveCfg = Debug|Any CPU
		{E1270FB7-9025-47DF-B3C9-99B86B7AB406}.Release|Any CPU.ActiveCfg = Release|Any CPU
		{E1270FB7-9025-47DF-B3C9-99B86B7AB406}.Release|Any CPU.Build.0 = Release|Any CPU
		{E1270FB7-9025-47DF-B3C9-99B86B7AB406}.Release|Mixed Platforms.ActiveCfg = Release|Any CPU
		{E1270FB7-9025-47DF-B3C9-99B86B7AB406}.Release|Mixed Platforms.Build.0 = Release|Any CPU
		{E1270FB7-9025-47DF-B3C9-99B86B7AB406}.Release|Win32.ActiveCfg = Release|Any CPU
		{C8DED3E6-B420-4E74-B6C3-C99CF5475074}.Debug|Any CPU.ActiveCfg = Debug|Any CPU
		{C8DED3E6-B420-4E74-B6C3-C99CF5475074}.Debug|Any CPU.Build.0 = Debug|Any CPU
		{C8DED3E6-B420-4E74-B6C3-C99CF5475074}.Debug|Mixed Platforms.ActiveCfg = Debug|Any CPU
		{C8DED3E6-B420-4E74-B6C3-C99CF5475074}.Debug|Mixed Platforms.Build.0 = Debug|Any CPU
		{C8DED3E6-B420-4E74-B6C3-C99CF5475074}.Debug|Win32.ActiveCfg = Debug|Any CPU
		{C8DED3E6-B420-4E74-B6C3-C99CF5475074}.Release|Any CPU.ActiveCfg = Release|Any CPU
		{C8DED3E6-B420-4E74-B6C3-C99CF5475074}.Release|Any CPU.Build.0 = Release|Any CPU
		{C8DED3E6-B420-4E74-B6C3-C99CF5475074}.Release|Mixed Platforms.ActiveCfg = Release|Any CPU
		{C8DED3E6-B420-4E74-B6C3-C99CF5475074}.Release|Mixed Platforms.Build.0 = Release|Any CPU
		{C8DED3E6-B420-4E74-B6C3-C99CF5475074}.Release|Win32.ActiveCfg = Release|Any CPU
		{6B716044-9DEB-46E8-A3CA-86BDCEE509CD}.Debug|Any CPU.ActiveCfg = Debug|Any CPU
		{6B716044-9DEB-46E8-A3CA-86BDCEE509CD}.Debug|Any CPU.Build.0 = Debug|Any CPU
		{6B716044-9DEB-46E8-A3CA-86BDCEE509CD}.Debug|Mixed Platforms.ActiveCfg = Debug|Any CPU
		{6B716044-9DEB-46E8-A3CA-86BDCEE509CD}.Debug|Mixed Platforms.Build.0 = Debug|Any CPU
		{6B716044-9DEB-46E8-A3CA-86BDCEE509CD}.Debug|Win32.ActiveCfg = Debug|Any CPU
		{6B716044-9DEB-46E8-A3CA-86BDCEE509CD}.Release|Any CPU.ActiveCfg = Release|Any CPU
		{6B716044-9DEB-46E8-A3CA-86BDCEE509CD}.Release|Any CPU.Build.0 = Release|Any CPU
		{6B716044-9DEB-46E8-A3CA-86BDCEE509CD}.Release|Mixed Platforms.ActiveCfg = Release|Any CPU
		{6B716044-9DEB-46E8-A3CA-86BDCEE509CD}.Release|Mixed Platforms.Build.0 = Release|Any CPU
		{6B716044-9DEB-46E8-A3CA-86BDCEE509CD}.Release|Win32.ActiveCfg = Release|Any CPU
		{9D4FB694-57AD-4958-B93C-35E2425907A6}.Debug|Any CPU.ActiveCfg = Debug|Any CPU
		{9D4FB694-57AD-4958-B93C-35E2425907A6}.Debug|Any CPU.Build.0 = Debug|Any CPU
		{9D4FB694-57AD-4958-B93C-35E2425907A6}.Debug|Mixed Platforms.ActiveCfg = Debug|Any CPU
		{9D4FB694-57AD-4958-B93C-35E2425907A6}.Debug|Mixed Platforms.Build.0 = Debug|Any CPU
		{9D4FB694-57AD-4958-B93C-35E2425907A6}.Debug|Win32.ActiveCfg = Debug|Any CPU
		{9D4FB694-57AD-4958-B93C-35E2425907A6}.Release|Any CPU.ActiveCfg = Release|Any CPU
		{9D4FB694-57AD-4958-B93C-35E2425907A6}.Release|Any CPU.Build.0 = Release|Any CPU
		{9D4FB694-57AD-4958-B93C-35E2425907A6}.Release|Mixed Platforms.ActiveCfg = Release|Any CPU
		{9D4FB694-57AD-4958-B93C-35E2425907A6}.Release|Mixed Platforms.Build.0 = Release|Any CPU
		{9D4FB694-57AD-4958-B93C-35E2425907A6}.Release|Win32.ActiveCfg = Release|Any CPU
		{C00C3A84-2660-4721-8158-D79792BBE02E}.Debug|Any CPU.ActiveCfg = Debug|Any CPU
		{C00C3A84-2660-4721-8158-D79792BBE02E}.Debug|Any CPU.Build.0 = Debug|Any CPU
		{C00C3A84-2660-4721-8158-D79792BBE02E}.Debug|Mixed Platforms.ActiveCfg = Debug|Any CPU
		{C00C3A84-2660-4721-8158-D79792BBE02E}.Debug|Mixed Platforms.Build.0 = Debug|Any CPU
		{C00C3A84-2660-4721-8158-D79792BBE02E}.Debug|Win32.ActiveCfg = Debug|Any CPU
		{C00C3A84-2660-4721-8158-D79792BBE02E}.Release|Any CPU.ActiveCfg = Release|Any CPU
		{C00C3A84-2660-4721-8158-D79792BBE02E}.Release|Any CPU.Build.0 = Release|Any CPU
		{C00C3A84-2660-4721-8158-D79792BBE02E}.Release|Mixed Platforms.ActiveCfg = Release|Any CPU
		{C00C3A84-2660-4721-8158-D79792BBE02E}.Release|Mixed Platforms.Build.0 = Release|Any CPU
		{C00C3A84-2660-4721-8158-D79792BBE02E}.Release|Win32.ActiveCfg = Release|Any CPU
		{6677BF0C-DA8C-4947-9816-8DB0BCA459FF}.Debug|Any CPU.ActiveCfg = Debug|Any CPU
		{6677BF0C-DA8C-4947-9816-8DB0BCA459FF}.Debug|Any CPU.Build.0 = Debug|Any CPU
		{6677BF0C-DA8C-4947-9816-8DB0BCA459FF}.Debug|Mixed Platforms.ActiveCfg = Debug|Any CPU
		{6677BF0C-DA8C-4947-9816-8DB0BCA459FF}.Debug|Mixed Platforms.Build.0 = Debug|Any CPU
		{6677BF0C-DA8C-4947-9816-8DB0BCA459FF}.Debug|Win32.ActiveCfg = Debug|Any CPU
		{6677BF0C-DA8C-4947-9816-8DB0BCA459FF}.Release|Any CPU.ActiveCfg = Release|Any CPU
		{6677BF0C-DA8C-4947-9816-8DB0BCA459FF}.Release|Any CPU.Build.0 = Release|Any CPU
		{6677BF0C-DA8C-4947-9816-8DB0BCA459FF}.Release|Mixed Platforms.ActiveCfg = Release|Any CPU
		{6677BF0C-DA8C-4947-9816-8DB0BCA459FF}.Release|Mixed Platforms.Build.0 = Release|Any CPU
		{6677BF0C-DA8C-4947-9816-8DB0BCA459FF}.Release|Win32.ActiveCfg = Release|Any CPU
		{707EE0ED-8FF8-4D31-BACA-15758F6143EA}.Debug|Any CPU.ActiveCfg = Debug|Any CPU
		{707EE0ED-8FF8-4D31-BACA-15758F6143EA}.Debug|Any CPU.Build.0 = Debug|Any CPU
		{707EE0ED-8FF8-4D31-BACA-15758F6143EA}.Debug|Mixed Platforms.ActiveCfg = Debug|Any CPU
		{707EE0ED-8FF8-4D31-BACA-15758F6143EA}.Debug|Mixed Platforms.Build.0 = Debug|Any CPU
		{707EE0ED-8FF8-4D31-BACA-15758F6143EA}.Debug|Win32.ActiveCfg = Debug|Any CPU
		{707EE0ED-8FF8-4D31-BACA-15758F6143EA}.Release|Any CPU.ActiveCfg = Release|Any CPU
		{707EE0ED-8FF8-4D31-BACA-15758F6143EA}.Release|Any CPU.Build.0 = Release|Any CPU
		{707EE0ED-8FF8-4D31-BACA-15758F6143EA}.Release|Mixed Platforms.ActiveCfg = Release|Any CPU
		{707EE0ED-8FF8-4D31-BACA-15758F6143EA}.Release|Mixed Platforms.Build.0 = Release|Any CPU
		{707EE0ED-8FF8-4D31-BACA-15758F6143EA}.Release|Win32.ActiveCfg = Release|Any CPU
		{FEC7B13B-8D70-4091-A031-ECBE0E8FF8C8}.Debug|Any CPU.ActiveCfg = Debug|Any CPU
		{FEC7B13B-8D70-4091-A031-ECBE0E8FF8C8}.Debug|Any CPU.Build.0 = Debug|Any CPU
		{FEC7B13B-8D70-4091-A031-ECBE0E8FF8C8}.Debug|Mixed Platforms.ActiveCfg = Debug|Any CPU
		{FEC7B13B-8D70-4091-A031-ECBE0E8FF8C8}.Debug|Mixed Platforms.Build.0 = Debug|Any CPU
		{FEC7B13B-8D70-4091-A031-ECBE0E8FF8C8}.Debug|Win32.ActiveCfg = Debug|Any CPU
		{FEC7B13B-8D70-4091-A031-ECBE0E8FF8C8}.Release|Any CPU.ActiveCfg = Release|Any CPU
		{FEC7B13B-8D70-4091-A031-ECBE0E8FF8C8}.Release|Any CPU.Build.0 = Release|Any CPU
		{FEC7B13B-8D70-4091-A031-ECBE0E8FF8C8}.Release|Mixed Platforms.ActiveCfg = Release|Any CPU
		{FEC7B13B-8D70-4091-A031-ECBE0E8FF8C8}.Release|Mixed Platforms.Build.0 = Release|Any CPU
		{FEC7B13B-8D70-4091-A031-ECBE0E8FF8C8}.Release|Win32.ActiveCfg = Release|Any CPU
		{C469FA76-9654-40AF-ABC1-A76A26D66111}.Debug|Any CPU.ActiveCfg = Debug|Any CPU
		{C469FA76-9654-40AF-ABC1-A76A26D66111}.Debug|Any CPU.Build.0 = Debug|Any CPU
		{C469FA76-9654-40AF-ABC1-A76A26D66111}.Debug|Mixed Platforms.ActiveCfg = Debug|Any CPU
		{C469FA76-9654-40AF-ABC1-A76A26D66111}.Debug|Mixed Platforms.Build.0 = Debug|Any CPU
		{C469FA76-9654-40AF-ABC1-A76A26D66111}.Debug|Win32.ActiveCfg = Debug|Any CPU
		{C469FA76-9654-40AF-ABC1-A76A26D66111}.Release|Any CPU.ActiveCfg = Release|Any CPU
		{C469FA76-9654-40AF-ABC1-A76A26D66111}.Release|Any CPU.Build.0 = Release|Any CPU
		{C469FA76-9654-40AF-ABC1-A76A26D66111}.Release|Mixed Platforms.ActiveCfg = Release|Any CPU
		{C469FA76-9654-40AF-ABC1-A76A26D66111}.Release|Mixed Platforms.Build.0 = Release|Any CPU
		{C469FA76-9654-40AF-ABC1-A76A26D66111}.Release|Win32.ActiveCfg = Release|Any CPU
		{42F257EB-F3C7-4E4F-BFF3-39383F67273F}.Debug|Any CPU.ActiveCfg = Debug|Any CPU
		{42F257EB-F3C7-4E4F-BFF3-39383F67273F}.Debug|Any CPU.Build.0 = Debug|Any CPU
		{42F257EB-F3C7-4E4F-BFF3-39383F67273F}.Debug|Mixed Platforms.ActiveCfg = Debug|Any CPU
		{42F257EB-F3C7-4E4F-BFF3-39383F67273F}.Debug|Mixed Platforms.Build.0 = Debug|Any CPU
		{42F257EB-F3C7-4E4F-BFF3-39383F67273F}.Debug|Win32.ActiveCfg = Debug|Any CPU
		{42F257EB-F3C7-4E4F-BFF3-39383F67273F}.Release|Any CPU.ActiveCfg = Release|Any CPU
		{42F257EB-F3C7-4E4F-BFF3-39383F67273F}.Release|Any CPU.Build.0 = Release|Any CPU
		{42F257EB-F3C7-4E4F-BFF3-39383F67273F}.Release|Mixed Platforms.ActiveCfg = Release|Any CPU
		{42F257EB-F3C7-4E4F-BFF3-39383F67273F}.Release|Mixed Platforms.Build.0 = Release|Any CPU
		{42F257EB-F3C7-4E4F-BFF3-39383F67273F}.Release|Win32.ActiveCfg = Release|Any CPU
		{100ED8C5-7769-42B1-9730-4AFB904E8FC9}.Debug|Any CPU.ActiveCfg = Debug|Any CPU
		{100ED8C5-7769-42B1-9730-4AFB904E8FC9}.Debug|Any CPU.Build.0 = Debug|Any CPU
		{100ED8C5-7769-42B1-9730-4AFB904E8FC9}.Debug|Mixed Platforms.ActiveCfg = Debug|Any CPU
		{100ED8C5-7769-42B1-9730-4AFB904E8FC9}.Debug|Mixed Platforms.Build.0 = Debug|Any CPU
		{100ED8C5-7769-42B1-9730-4AFB904E8FC9}.Debug|Win32.ActiveCfg = Debug|Any CPU
		{100ED8C5-7769-42B1-9730-4AFB904E8FC9}.Release|Any CPU.ActiveCfg = Release|Any CPU
		{100ED8C5-7769-42B1-9730-4AFB904E8FC9}.Release|Any CPU.Build.0 = Release|Any CPU
		{100ED8C5-7769-42B1-9730-4AFB904E8FC9}.Release|Mixed Platforms.ActiveCfg = Release|Any CPU
		{100ED8C5-7769-42B1-9730-4AFB904E8FC9}.Release|Mixed Platforms.Build.0 = Release|Any CPU
		{100ED8C5-7769-42B1-9730-4AFB904E8FC9}.Release|Win32.ActiveCfg = Release|Any CPU
	EndGlobalSection
	GlobalSection(SolutionProperties) = preSolution
		HideSolutionNode = FALSE
	EndGlobalSection
EndGlobal
